
Microsoft Visual Studio Solution File, Format Version 12.00
# Visual Studio 15
VisualStudioVersion = 15.0.28307.779
MinimumVisualStudioVersion = 10.0.40219.1
Project("{FAE04EC0-301F-11D3-BF4B-00C04F79EFBC}") = "Genbot.DAL", "Genbot.DAL\Genbot.DAL.csproj", "{62945BBF-E67B-4544-A8CF-AD6BC69F9685}"
EndProject
Project("{FAE04EC0-301F-11D3-BF4B-00C04F79EFBC}") = "Genbot.BLL", "Genbot.BLL\Genbot.BLL.csproj", "{8A614058-615E-457C-BAC7-D715A39B129E}"
EndProject
Project("{FAE04EC0-301F-11D3-BF4B-00C04F79EFBC}") = "Genbot.UI", "Genbot.UI\Genbot.UI.csproj", "{39B72075-E022-4A64-84C2-3DAE68BA9FF7}"
EndProject
Global
	GlobalSection(SolutionConfigurationPlatforms) = preSolution
		Debug|Any CPU = Debug|Any CPU
		Release|Any CPU = Release|Any CPU
	EndGlobalSection
	GlobalSection(ProjectConfigurationPlatforms) = postSolution
		{62945BBF-E67B-4544-A8CF-AD6BC69F9685}.Debug|Any CPU.ActiveCfg = Debug|Any CPU
		{62945BBF-E67B-4544-A8CF-AD6BC69F9685}.Debug|Any CPU.Build.0 = Debug|Any CPU
		{62945BBF-E67B-4544-A8CF-AD6BC69F9685}.Release|Any CPU.ActiveCfg = Release|Any CPU
		{62945BBF-E67B-4544-A8CF-AD6BC69F9685}.Release|Any CPU.Build.0 = Release|Any CPU
		{8A614058-615E-457C-BAC7-D715A39B129E}.Debug|Any CPU.ActiveCfg = Debug|Any CPU
		{8A614058-615E-457C-BAC7-D715A39B129E}.Debug|Any CPU.Build.0 = Debug|Any CPU
		{8A614058-615E-457C-BAC7-D715A39B129E}.Release|Any CPU.ActiveCfg = Release|Any CPU
		{8A614058-615E-457C-BAC7-D715A39B129E}.Release|Any CPU.Build.0 = Release|Any CPU
		{39B72075-E022-4A64-84C2-3DAE68BA9FF7}.Debug|Any CPU.ActiveCfg = Debug|Any CPU
		{39B72075-E022-4A64-84C2-3DAE68BA9FF7}.Debug|Any CPU.Build.0 = Debug|Any CPU
		{39B72075-E022-4A64-84C2-3DAE68BA9FF7}.Release|Any CPU.ActiveCfg = Release|Any CPU
		{39B72075-E022-4A64-84C2-3DAE68BA9FF7}.Release|Any CPU.Build.0 = Release|Any CPU
	EndGlobalSection
	GlobalSection(SolutionProperties) = preSolution
		HideSolutionNode = FALSE
	EndGlobalSection
	GlobalSection(ExtensibilityGlobals) = postSolution
		SolutionGuid = {FCF5E3D4-C3DA-4666-BA41-9778CCD2606D}
	EndGlobalSection
EndGlobal
